
Microsoft Visual Studio Solution File, Format Version 12.00
# Visual Studio Version 16
VisualStudioVersion = 16.0.31515.178
MinimumVisualStudioVersion = 10.0.40219.1
Project("{FAE04EC0-301F-11D3-BF4B-00C04F79EFBC}") = "LobbyAppearanceImprovements", "LobbyAppearanceImprovements.csproj", "{4C9034DB-E457-4007-BFFF-C953F2D29A2A}"
EndProject
Global
	GlobalSection(SolutionConfigurationPlatforms) = preSolution
		Debug|Any CPU = Debug|Any CPU
		Release|Any CPU = Release|Any CPU
	EndGlobalSection
	GlobalSection(ProjectConfigurationPlatforms) = postSolution
		{4C9034DB-E457-4007-BFFF-C953F2D29A2A}.Debug|Any CPU.ActiveCfg = Debug|Any CPU
		{4C9034DB-E457-4007-BFFF-C953F2D29A2A}.Debug|Any CPU.Build.0 = Debug|Any CPU
		{4C9034DB-E457-4007-BFFF-C953F2D29A2A}.Release|Any CPU.ActiveCfg = Release|Any CPU
		{4C9034DB-E457-4007-BFFF-C953F2D29A2A}.Release|Any CPU.Build.0 = Release|Any CPU
	EndGlobalSection
	GlobalSection(SolutionProperties) = preSolution
		HideSolutionNode = FALSE
	EndGlobalSection
	GlobalSection(ExtensibilityGlobals) = postSolution
		SolutionGuid = {A2F2EDBA-FAB2-46B2-AB8F-5779C70ADD83}
	EndGlobalSection
EndGlobal
